// !$*UTF8*$!
{
	archiveVersion = 1;
	classes = {
	};
	objectVersion = 77;
	objects = {

/* Begin PBXContainerItemProxy section */
		CB2AD63F2DC1223D00B9A269 /* PBXContainerItemProxy */ = {
			isa = PBXContainerItemProxy;
			containerPortal = CB2AD6212DC1223B00B9A269 /* Project object */;
			proxyType = 1;
			remoteGlobalIDString = CB2AD6282DC1223B00B9A269;
			remoteInfo = TidyNotes;
		};
		CB2AD6492DC1223D00B9A269 /* PBXContainerItemProxy */ = {
			isa = PBXContainerItemProxy;
			containerPortal = CB2AD6212DC1223B00B9A269 /* Project object */;
			proxyType = 1;
			remoteGlobalIDString = CB2AD6282DC1223B00B9A269;
			remoteInfo = TidyNotes;
		};
/* End PBXContainerItemProxy section */

/* Begin PBXFileReference section */
		CB2AD6292DC1223B00B9A269 /* TidyNotes.app */ = {isa = PBXFileReference; explicitFileType = wrapper.application; includeInIndex = 0; path = TidyNotes.app; sourceTree = BUILT_PRODUCTS_DIR; };
		CB2AD63E2DC1223D00B9A269 /* TidyNotesTests.xctest */ = {isa = PBXFileReference; explicitFileType = wrapper.cfbundle; includeInIndex = 0; path = TidyNotesTests.xctest; sourceTree = BUILT_PRODUCTS_DIR; };
		CB2AD6482DC1223D00B9A269 /* TidyNotesUITests.xctest */ = {isa = PBXFileReference; explicitFileType = wrapper.cfbundle; includeInIndex = 0; path = TidyNotesUITests.xctest; sourceTree = BUILT_PRODUCTS_DIR; };
/* End PBXFileReference section */

/* Begin PBXFileSystemSynchronizedRootGroup section */
		CB2AD62B2DC1223B00B9A269 /* TidyNotes */ = {
			isa = PBXFileSystemSynchronizedRootGroup;
			path = TidyNotes;
			sourceTree = "<group>";
		};
		CB2AD6412DC1223D00B9A269 /* TidyNotesTests */ = {
			isa = PBXFileSystemSynchronizedRootGroup;
			path = TidyNotesTests;
			sourceTree = "<group>";
		};
		CB2AD64B2DC1223D00B9A269 /* TidyNotesUITests */ = {
			isa = PBXFileSystemSynchronizedRootGroup;
			path = TidyNotesUITests;
			sourceTree = "<group>";
		};
/* End PBXFileSystemSynchronizedRootGroup section */

/* Begin PBXFrameworksBuildPhase section */
		CB2AD6262DC1223B00B9A269 /* Frameworks */ = {
			isa = PBXFrameworksBuildPhase;
			buildActionMask = 2147483647;
			files = (
			);
			runOnlyForDeploymentPostprocessing = 0;
		};
		CB2AD63B2DC1223D00B9A269 /* Frameworks */ = {
			isa = PBXFrameworksBuildPhase;
			buildActionMask = 2147483647;
			files = (
			);
			runOnlyForDeploymentPostprocessing = 0;
		};
		CB2AD6452DC1223D00B9A269 /* Frameworks */ = {
			isa = PBXFrameworksBuildPhase;
			buildActionMask = 2147483647;
			files = (
			);
			runOnlyForDeploymentPostprocessing = 0;
		};
/* End PBXFrameworksBuildPhase section */

/* Begin PBXGroup section */
		CB2AD6202DC1223B00B9A269 = {
			isa = PBXGroup;
			children = (
				CB2AD62B2DC1223B00B9A269 /* TidyNotes */,
				CB2AD6412DC1223D00B9A269 /* TidyNotesTests */,
				CB2AD64B2DC1223D00B9A269 /* TidyNotesUITests */,
				CB2AD62A2DC1223B00B9A269 /* Products */,
			);
			sourceTree = "<group>";
		};
		CB2AD62A2DC1223B00B9A269 /* Products */ = {
			isa = PBXGroup;
			children = (
				CB2AD6292DC1223B00B9A269 /* TidyNotes.app */,
				CB2AD63E2DC1223D00B9A269 /* TidyNotesTests.xctest */,
				CB2AD6482DC1223D00B9A269 /* TidyNotesUITests.xctest */,
			);
			name = Products;
			sourceTree = "<group>";
		};
/* End PBXGroup section */

/* Begin PBXNativeTarget section */
		CB2AD6282DC1223B00B9A269 /* TidyNotes */ = {
			isa = PBXNativeTarget;
			buildConfigurationList = CB2AD6522DC1223D00B9A269 /* Build configuration list for PBXNativeTarget "TidyNotes" */;
			buildPhases = (
				CB2AD6252DC1223B00B9A269 /* Sources */,
				CB2AD6262DC1223B00B9A269 /* Frameworks */,
				CB2AD6272DC1223B00B9A269 /* Resources */,
			);
			buildRules = (
			);
			dependencies = (
			);
			fileSystemSynchronizedGroups = (
				CB2AD62B2DC1223B00B9A269 /* TidyNotes */,
			);
			name = TidyNotes;
			packageProductDependencies = (
			);
			productName = TidyNotes;
			productReference = CB2AD6292DC1223B00B9A269 /* TidyNotes.app */;
			productType = "com.apple.product-type.application";
		};
		CB2AD63D2DC1223D00B9A269 /* TidyNotesTests */ = {
			isa = PBXNativeTarget;
			buildConfigurationList = CB2AD6552DC1223D00B9A269 /* Build configuration list for PBXNativeTarget "TidyNotesTests" */;
			buildPhases = (
				CB2AD63A2DC1223D00B9A269 /* Sources */,
				CB2AD63B2DC1223D00B9A269 /* Frameworks */,
				CB2AD63C2DC1223D00B9A269 /* Resources */,
			);
			buildRules = (
			);
			dependencies = (
				CB2AD6402DC1223D00B9A269 /* PBXTargetDependency */,
			);
			fileSystemSynchronizedGroups = (
				CB2AD6412DC1223D00B9A269 /* TidyNotesTests */,
			);
			name = TidyNotesTests;
			packageProductDependencies = (
			);
			productName = TidyNotesTests;
			productReference = CB2AD63E2DC1223D00B9A269 /* TidyNotesTests.xctest */;
			productType = "com.apple.product-type.bundle.unit-test";
		};
		CB2AD6472DC1223D00B9A269 /* TidyNotesUITests */ = {
			isa = PBXNativeTarget;
			buildConfigurationList = CB2AD6582DC1223D00B9A269 /* Build configuration list for PBXNativeTarget "TidyNotesUITests" */;
			buildPhases = (
				CB2AD6442DC1223D00B9A269 /* Sources */,
				CB2AD6452DC1223D00B9A269 /* Frameworks */,
				CB2AD6462DC1223D00B9A269 /* Resources */,
			);
			buildRules = (
			);
			dependencies = (
				CB2AD64A2DC1223D00B9A269 /* PBXTargetDependency */,
			);
			fileSystemSynchronizedGroups = (
				CB2AD64B2DC1223D00B9A269 /* TidyNotesUITests */,
			);
			name = TidyNotesUITests;
			packageProductDependencies = (
			);
			productName = TidyNotesUITests;
			productReference = CB2AD6482DC1223D00B9A269 /* TidyNotesUITests.xctest */;
			productType = "com.apple.product-type.bundle.ui-testing";
		};
/* End PBXNativeTarget section */

/* Begin PBXProject section */
		CB2AD6212DC1223B00B9A269 /* Project object */ = {
			isa = PBXProject;
			attributes = {
				BuildIndependentTargetsInParallel = 1;
				LastSwiftUpdateCheck = 1620;
				LastUpgradeCheck = 1620;
				TargetAttributes = {
					CB2AD6282DC1223B00B9A269 = {
						CreatedOnToolsVersion = 16.2;
					};
					CB2AD63D2DC1223D00B9A269 = {
						CreatedOnToolsVersion = 16.2;
						TestTargetID = CB2AD6282DC1223B00B9A269;
					};
					CB2AD6472DC1223D00B9A269 = {
						CreatedOnToolsVersion = 16.2;
						TestTargetID = CB2AD6282DC1223B00B9A269;
					};
				};
			};
			buildConfigurationList = CB2AD6242DC1223B00B9A269 /* Build configuration list for PBXProject "TidyNotes" */;
			developmentRegion = en;
			hasScannedForEncodings = 0;
			knownRegions = (
				en,
				Base,
				id,
			);
			mainGroup = CB2AD6202DC1223B00B9A269;
			minimizedProjectReferenceProxies = 1;
			packageReferences = (
				CB2AD7292DC6745300B9A269 /* XCRemoteSwiftPackageReference "SwiftLintPlugins" */,
			);
			preferredProjectObjectVersion = 77;
			productRefGroup = CB2AD62A2DC1223B00B9A269 /* Products */;
			projectDirPath = "";
			projectRoot = "";
			targets = (
				CB2AD6282DC1223B00B9A269 /* TidyNotes */,
				CB2AD63D2DC1223D00B9A269 /* TidyNotesTests */,
				CB2AD6472DC1223D00B9A269 /* TidyNotesUITests */,
			);
		};
/* End PBXProject section */

/* Begin PBXResourcesBuildPhase section */
		CB2AD6272DC1223B00B9A269 /* Resources */ = {
			isa = PBXResourcesBuildPhase;
			buildActionMask = 2147483647;
			files = (
			);
			runOnlyForDeploymentPostprocessing = 0;
		};
		CB2AD63C2DC1223D00B9A269 /* Resources */ = {
			isa = PBXResourcesBuildPhase;
			buildActionMask = 2147483647;
			files = (
			);
			runOnlyForDeploymentPostprocessing = 0;
		};
		CB2AD6462DC1223D00B9A269 /* Resources */ = {
			isa = PBXResourcesBuildPhase;
			buildActionMask = 2147483647;
			files = (
			);
			runOnlyForDeploymentPostprocessing = 0;
		};
/* End PBXResourcesBuildPhase section */

/* Begin PBXSourcesBuildPhase section */
		CB2AD6252DC1223B00B9A269 /* Sources */ = {
			isa = PBXSourcesBuildPhase;
			buildActionMask = 2147483647;
			files = (
			);
			runOnlyForDeploymentPostprocessing = 0;
		};
		CB2AD63A2DC1223D00B9A269 /* Sources */ = {
			isa = PBXSourcesBuildPhase;
			buildActionMask = 2147483647;
			files = (
			);
			runOnlyForDeploymentPostprocessing = 0;
		};
		CB2AD6442DC1223D00B9A269 /* Sources */ = {
			isa = PBXSourcesBuildPhase;
			buildActionMask = 2147483647;
			files = (
			);
			runOnlyForDeploymentPostprocessing = 0;
		};
/* End PBXSourcesBuildPhase section */

/* Begin PBXTargetDependency section */
		CB2AD6402DC1223D00B9A269 /* PBXTargetDependency */ = {
			isa = PBXTargetDependency;
			target = CB2AD6282DC1223B00B9A269 /* TidyNotes */;
			targetProxy = CB2AD63F2DC1223D00B9A269 /* PBXContainerItemProxy */;
		};
		CB2AD64A2DC1223D00B9A269 /* PBXTargetDependency */ = {
			isa = PBXTargetDependency;
			target = CB2AD6282DC1223B00B9A269 /* TidyNotes */;
			targetProxy = CB2AD6492DC1223D00B9A269 /* PBXContainerItemProxy */;
		};
/* End PBXTargetDependency section */

/* Begin XCBuildConfiguration section */
		CB2AD6502DC1223D00B9A269 /* Debug */ = {
			isa = XCBuildConfiguration;
			buildSettings = {
				ALWAYS_SEARCH_USER_PATHS = NO;
				ASSETCATALOG_COMPILER_GENERATE_SWIFT_ASSET_SYMBOL_EXTENSIONS = YES;
				CLANG_ANALYZER_NONNULL = YES;
				CLANG_ANALYZER_NUMBER_OBJECT_CONVERSION = YES_AGGRESSIVE;
				CLANG_CXX_LANGUAGE_STANDARD = "gnu++20";
				CLANG_ENABLE_MODULES = YES;
				CLANG_ENABLE_OBJC_ARC = YES;
				CLANG_ENABLE_OBJC_WEAK = YES;
				CLANG_WARN_BLOCK_CAPTURE_AUTORELEASING = YES;
				CLANG_WARN_BOOL_CONVERSION = YES;
				CLANG_WARN_COMMA = YES;
				CLANG_WARN_CONSTANT_CONVERSION = YES;
				CLANG_WARN_DEPRECATED_OBJC_IMPLEMENTATIONS = YES;
				CLANG_WARN_DIRECT_OBJC_ISA_USAGE = YES_ERROR;
				CLANG_WARN_DOCUMENTATION_COMMENTS = YES;
				CLANG_WARN_EMPTY_BODY = YES;
				CLANG_WARN_ENUM_CONVERSION = YES;
				CLANG_WARN_INFINITE_RECURSION = YES;
				CLANG_WARN_INT_CONVERSION = YES;
				CLANG_WARN_NON_LITERAL_NULL_CONVERSION = YES;
				CLANG_WARN_OBJC_IMPLICIT_RETAIN_SELF = YES;
				CLANG_WARN_OBJC_LITERAL_CONVERSION = YES;
				CLANG_WARN_OBJC_ROOT_CLASS = YES_ERROR;
				CLANG_WARN_QUOTED_INCLUDE_IN_FRAMEWORK_HEADER = YES;
				CLANG_WARN_RANGE_LOOP_ANALYSIS = YES;
				CLANG_WARN_STRICT_PROTOTYPES = YES;
				CLANG_WARN_SUSPICIOUS_MOVE = YES;
				CLANG_WARN_UNGUARDED_AVAILABILITY = YES_AGGRESSIVE;
				CLANG_WARN_UNREACHABLE_CODE = YES;
				CLANG_WARN__DUPLICATE_METHOD_MATCH = YES;
				COPY_PHASE_STRIP = NO;
				DEBUG_INFORMATION_FORMAT = dwarf;
				ENABLE_STRICT_OBJC_MSGSEND = YES;
				ENABLE_TESTABILITY = YES;
				ENABLE_USER_SCRIPT_SANDBOXING = YES;
				GCC_C_LANGUAGE_STANDARD = gnu17;
				GCC_DYNAMIC_NO_PIC = NO;
				GCC_NO_COMMON_BLOCKS = YES;
				GCC_OPTIMIZATION_LEVEL = 0;
				GCC_PREPROCESSOR_DEFINITIONS = (
					"DEBUG=1",
					"$(inherited)",
				);
				GCC_WARN_64_TO_32_BIT_CONVERSION = YES;
				GCC_WARN_ABOUT_RETURN_TYPE = YES_ERROR;
				GCC_WARN_UNDECLARED_SELECTOR = YES;
				GCC_WARN_UNINITIALIZED_AUTOS = YES_AGGRESSIVE;
				GCC_WARN_UNUSED_FUNCTION = YES;
				GCC_WARN_UNUSED_VARIABLE = YES;
				IPHONEOS_DEPLOYMENT_TARGET = 18.2;
				LOCALIZATION_PREFERS_STRING_CATALOGS = YES;
				MTL_ENABLE_DEBUG_INFO = INCLUDE_SOURCE;
				MTL_FAST_MATH = YES;
				ONLY_ACTIVE_ARCH = YES;
				SDKROOT = iphoneos;
				SWIFT_ACTIVE_COMPILATION_CONDITIONS = "DEBUG $(inherited)";
				SWIFT_EMIT_LOC_STRINGS = YES;
				SWIFT_OPTIMIZATION_LEVEL = "-Onone";
			};
			name = Debug;
		};
		CB2AD6512DC1223D00B9A269 /* Release */ = {
			isa = XCBuildConfiguration;
			buildSettings = {
				ALWAYS_SEARCH_USER_PATHS = NO;
				ASSETCATALOG_COMPILER_GENERATE_SWIFT_ASSET_SYMBOL_EXTENSIONS = YES;
				CLANG_ANALYZER_NONNULL = YES;
				CLANG_ANALYZER_NUMBER_OBJECT_CONVERSION = YES_AGGRESSIVE;
				CLANG_CXX_LANGUAGE_STANDARD = "gnu++20";
				CLANG_ENABLE_MODULES = YES;
				CLANG_ENABLE_OBJC_ARC = YES;
				CLANG_ENABLE_OBJC_WEAK = YES;
				CLANG_WARN_BLOCK_CAPTURE_AUTORELEASING = YES;
				CLANG_WARN_BOOL_CONVERSION = YES;
				CLANG_WARN_COMMA = YES;
				CLANG_WARN_CONSTANT_CONVERSION = YES;
				CLANG_WARN_DEPRECATED_OBJC_IMPLEMENTATIONS = YES;
				CLANG_WARN_DIRECT_OBJC_ISA_USAGE = YES_ERROR;
				CLANG_WARN_DOCUMENTATION_COMMENTS = YES;
				CLANG_WARN_EMPTY_BODY = YES;
				CLANG_WARN_ENUM_CONVERSION = YES;
				CLANG_WARN_INFINITE_RECURSION = YES;
				CLANG_WARN_INT_CONVERSION = YES;
				CLANG_WARN_NON_LITERAL_NULL_CONVERSION = YES;
				CLANG_WARN_OBJC_IMPLICIT_RETAIN_SELF = YES;
				CLANG_WARN_OBJC_LITERAL_CONVERSION = YES;
				CLANG_WARN_OBJC_ROOT_CLASS = YES_ERROR;
				CLANG_WARN_QUOTED_INCLUDE_IN_FRAMEWORK_HEADER = YES;
				CLANG_WARN_RANGE_LOOP_ANALYSIS = YES;
				CLANG_WARN_STRICT_PROTOTYPES = YES;
				CLANG_WARN_SUSPICIOUS_MOVE = YES;
				CLANG_WARN_UNGUARDED_AVAILABILITY = YES_AGGRESSIVE;
				CLANG_WARN_UNREACHABLE_CODE = YES;
				CLANG_WARN__DUPLICATE_METHOD_MATCH = YES;
				COPY_PHASE_STRIP = NO;
				DEBUG_INFORMATION_FORMAT = "dwarf-with-dsym";
				ENABLE_NS_ASSERTIONS = NO;
				ENABLE_STRICT_OBJC_MSGSEND = YES;
				ENABLE_USER_SCRIPT_SANDBOXING = YES;
				GCC_C_LANGUAGE_STANDARD = gnu17;
				GCC_NO_COMMON_BLOCKS = YES;
				GCC_WARN_64_TO_32_BIT_CONVERSION = YES;
				GCC_WARN_ABOUT_RETURN_TYPE = YES_ERROR;
				GCC_WARN_UNDECLARED_SELECTOR = YES;
				GCC_WARN_UNINITIALIZED_AUTOS = YES_AGGRESSIVE;
				GCC_WARN_UNUSED_FUNCTION = YES;
				GCC_WARN_UNUSED_VARIABLE = YES;
				IPHONEOS_DEPLOYMENT_TARGET = 18.2;
				LOCALIZATION_PREFERS_STRING_CATALOGS = YES;
				MTL_ENABLE_DEBUG_INFO = NO;
				MTL_FAST_MATH = YES;
				SDKROOT = iphoneos;
				SWIFT_COMPILATION_MODE = wholemodule;
				SWIFT_EMIT_LOC_STRINGS = YES;
				VALIDATE_PRODUCT = YES;
			};
			name = Release;
		};
		CB2AD6532DC1223D00B9A269 /* Debug */ = {
			isa = XCBuildConfiguration;
			buildSettings = {
				ASSETCATALOG_COMPILER_APPICON_NAME = AppIcon;
				ASSETCATALOG_COMPILER_GLOBAL_ACCENT_COLOR_NAME = AccentColor;
				CODE_SIGN_STYLE = Automatic;
				CURRENT_PROJECT_VERSION = 1;
				DEVELOPMENT_ASSET_PATHS = "\"TidyNotes/Preview Content\"";
				DEVELOPMENT_TEAM = NPQ6B3HGC2;
				ENABLE_PREVIEWS = YES;
				GENERATE_INFOPLIST_FILE = YES;
				INFOPLIST_KEY_CFBundleDisplayName = "Tidy Notes";
				INFOPLIST_KEY_UIApplicationSceneManifest_Generation = YES;
				INFOPLIST_KEY_UIApplicationSupportsIndirectInputEvents = YES;
				INFOPLIST_KEY_UILaunchScreen_Generation = YES;
				INFOPLIST_KEY_UISupportedInterfaceOrientations_iPad = "UIInterfaceOrientationPortrait UIInterfaceOrientationPortraitUpsideDown UIInterfaceOrientationLandscapeLeft UIInterfaceOrientationLandscapeRight";
				INFOPLIST_KEY_UISupportedInterfaceOrientations_iPhone = "UIInterfaceOrientationPortrait UIInterfaceOrientationLandscapeLeft UIInterfaceOrientationLandscapeRight";
				IPHONEOS_DEPLOYMENT_TARGET = 16.1;
				LD_RUNPATH_SEARCH_PATHS = (
					"$(inherited)",
					"@executable_path/Frameworks",
				);
				MARKETING_VERSION = 1.0;
				PRODUCT_BUNDLE_IDENTIFIER = id.Prizega.TidyNotes;
				PRODUCT_NAME = "$(TARGET_NAME)";
				SWIFT_EMIT_LOC_STRINGS = YES;
				SWIFT_VERSION = 5.0;
				TARGETED_DEVICE_FAMILY = "1,2";
			};
			name = Debug;
		};
		CB2AD6542DC1223D00B9A269 /* Release */ = {
			isa = XCBuildConfiguration;
			buildSettings = {
				ASSETCATALOG_COMPILER_APPICON_NAME = AppIcon;
				ASSETCATALOG_COMPILER_GLOBAL_ACCENT_COLOR_NAME = AccentColor;
				CODE_SIGN_STYLE = Automatic;
				CURRENT_PROJECT_VERSION = 1;
				DEVELOPMENT_ASSET_PATHS = "\"TidyNotes/Preview Content\"";
				DEVELOPMENT_TEAM = NPQ6B3HGC2;
				ENABLE_PREVIEWS = YES;
				GENERATE_INFOPLIST_FILE = YES;
				INFOPLIST_KEY_CFBundleDisplayName = "Tidy Notes";
				INFOPLIST_KEY_UIApplicationSceneManifest_Generation = YES;
				INFOPLIST_KEY_UIApplicationSupportsIndirectInputEvents = YES;
				INFOPLIST_KEY_UILaunchScreen_Generation = YES;
				INFOPLIST_KEY_UISupportedInterfaceOrientations_iPad = "UIInterfaceOrientationPortrait UIInterfaceOrientationPortraitUpsideDown UIInterfaceOrientationLandscapeLeft UIInterfaceOrientationLandscapeRight";
				INFOPLIST_KEY_UISupportedInterfaceOrientations_iPhone = "UIInterfaceOrientationPortrait UIInterfaceOrientationLandscapeLeft UIInterfaceOrientationLandscapeRight";
				IPHONEOS_DEPLOYMENT_TARGET = 16.1;
				LD_RUNPATH_SEARCH_PATHS = (
					"$(inherited)",
					"@executable_path/Frameworks",
				);
				MARKETING_VERSION = 1.0;
				PRODUCT_BUNDLE_IDENTIFIER = id.Prizega.TidyNotes;
				PRODUCT_NAME = "$(TARGET_NAME)";
				SWIFT_EMIT_LOC_STRINGS = YES;
				SWIFT_VERSION = 5.0;
				TARGETED_DEVICE_FAMILY = "1,2";
			};
			name = Release;
		};
		CB2AD6562DC1223D00B9A269 /* Debug */ = {
			isa = XCBuildConfiguration;
			buildSettings = {
				BUNDLE_LOADER = "$(TEST_HOST)";
				CODE_SIGN_STYLE = Automatic;
				CURRENT_PROJECT_VERSION = 1;
				DEVELOPMENT_TEAM = NPQ6B3HGC2;
				GENERATE_INFOPLIST_FILE = YES;
				IPHONEOS_DEPLOYMENT_TARGET = 18.2;
				MARKETING_VERSION = 1.0;
				PRODUCT_BUNDLE_IDENTIFIER = id.Prizega.TidyNotesTests;
				PRODUCT_NAME = "$(TARGET_NAME)";
				SWIFT_EMIT_LOC_STRINGS = NO;
				SWIFT_VERSION = 5.0;
				TARGETED_DEVICE_FAMILY = "1,2";
				TEST_HOST = "$(BUILT_PRODUCTS_DIR)/TidyNotes.app/$(BUNDLE_EXECUTABLE_FOLDER_PATH)/TidyNotes";
			};
			name = Debug;
		};
		CB2AD6572DC1223D00B9A269 /* Release */ = {
			isa = XCBuildConfiguration;
			buildSettings = {
				BUNDLE_LOADER = "$(TEST_HOST)";
				CODE_SIGN_STYLE = Automatic;
				CURRENT_PROJECT_VERSION = 1;
				DEVELOPMENT_TEAM = NPQ6B3HGC2;
				GENERATE_INFOPLIST_FILE = YES;
				IPHONEOS_DEPLOYMENT_TARGET = 18.2;
				MARKETING_VERSION = 1.0;
				PRODUCT_BUNDLE_IDENTIFIER = id.Prizega.TidyNotesTests;
				PRODUCT_NAME = "$(TARGET_NAME)";
				SWIFT_EMIT_LOC_STRINGS = NO;
				SWIFT_VERSION = 5.0;
				TARGETED_DEVICE_FAMILY = "1,2";
				TEST_HOST = "$(BUILT_PRODUCTS_DIR)/TidyNotes.app/$(BUNDLE_EXECUTABLE_FOLDER_PATH)/TidyNotes";
			};
			name = Release;
		};
		CB2AD6592DC1223D00B9A269 /* Debug */ = {
			isa = XCBuildConfiguration;
			buildSettings = {
				CODE_SIGN_STYLE = Automatic;
				CURRENT_PROJECT_VERSION = 1;
				DEVELOPMENT_TEAM = NPQ6B3HGC2;
				GENERATE_INFOPLIST_FILE = YES;
				MARKETING_VERSION = 1.0;
				PRODUCT_BUNDLE_IDENTIFIER = id.Prizega.TidyNotesUITests;
				PRODUCT_NAME = "$(TARGET_NAME)";
				SWIFT_EMIT_LOC_STRINGS = NO;
				SWIFT_VERSION = 5.0;
				TARGETED_DEVICE_FAMILY = "1,2";
				TEST_TARGET_NAME = TidyNotes;
			};
			name = Debug;
		};
		CB2AD65A2DC1223D00B9A269 /* Release */ = {
			isa = XCBuildConfiguration;
			buildSettings = {
				CODE_SIGN_STYLE = Automatic;
				CURRENT_PROJECT_VERSION = 1;
				DEVELOPMENT_TEAM = NPQ6B3HGC2;
				GENERATE_INFOPLIST_FILE = YES;
				MARKETING_VERSION = 1.0;
				PRODUCT_BUNDLE_IDENTIFIER = id.Prizega.TidyNotesUITests;
				PRODUCT_NAME = "$(TARGET_NAME)";
				SWIFT_EMIT_LOC_STRINGS = NO;
				SWIFT_VERSION = 5.0;
				TARGETED_DEVICE_FAMILY = "1,2";
				TEST_TARGET_NAME = TidyNotes;
			};
			name = Release;
		};
/* End XCBuildConfiguration section */

/* Begin XCConfigurationList section */
		CB2AD6242DC1223B00B9A269 /* Build configuration list for PBXProject "TidyNotes" */ = {
			isa = XCConfigurationList;
			buildConfigurations = (
				CB2AD6502DC1223D00B9A269 /* Debug */,
				CB2AD6512DC1223D00B9A269 /* Release */,
			);
			defaultConfigurationIsVisible = 0;
			defaultConfigurationName = Release;
		};
		CB2AD6522DC1223D00B9A269 /* Build configuration list for PBXNativeTarget "TidyNotes" */ = {
			isa = XCConfigurationList;
			buildConfigurations = (
				CB2AD6532DC1223D00B9A269 /* Debug */,
				CB2AD6542DC1223D00B9A269 /* Release */,
			);
			defaultConfigurationIsVisible = 0;
			defaultConfigurationName = Release;
		};
		CB2AD6552DC1223D00B9A269 /* Build configuration list for PBXNativeTarget "TidyNotesTests" */ = {
			isa = XCConfigurationList;
			buildConfigurations = (
				CB2AD6562DC1223D00B9A269 /* Debug */,
				CB2AD6572DC1223D00B9A269 /* Release */,
			);
			defaultConfigurationIsVisible = 0;
			defaultConfigurationName = Release;
		};
		CB2AD6582DC1223D00B9A269 /* Build configuration list for PBXNativeTarget "TidyNotesUITests" */ = {
			isa = XCConfigurationList;
			buildConfigurations = (
				CB2AD6592DC1223D00B9A269 /* Debug */,
				CB2AD65A2DC1223D00B9A269 /* Release */,
			);
			defaultConfigurationIsVisible = 0;
			defaultConfigurationName = Release;
		};
/* End XCConfigurationList section */

/* Begin XCRemoteSwiftPackageReference section */
		CB2AD7292DC6745300B9A269 /* XCRemoteSwiftPackageReference "SwiftLintPlugins" */ = {
			isa = XCRemoteSwiftPackageReference;
			repositoryURL = "https://github.com/SimplyDanny/SwiftLintPlugins";
			requirement = {
				kind = upToNextMajorVersion;
				minimumVersion = 0.59.1;
			};
		};
/* End XCRemoteSwiftPackageReference section */
	};
	rootObject = CB2AD6212DC1223B00B9A269 /* Project object */;
}
