{
  "originHash" : "f63238e3f90f824a3a23e65b5a2fc65b32550e9932daf82ac08473c876bd698d",
  "pins" : [
    {
      "identity" : "realm-core",
      "kind" : "remoteSourceControl",
      "location" : "https://github.com/realm/realm-core.git",
      "state" : {
        "revision" : "15493076ad9fef22c16cc64cbfbf9e5b65c385f9",
        "version" : "20.1.0"
      }
    }
  ],
  "version" : 3
}
